// !$*UTF8*$!
{
	archiveVersion = 1;
	classes = {
	};
	objectVersion = 46;
	objects = {

/* Begin PBXBuildFile section */
		BAF6BF3C1D095FBF003D1B09 /* main.m in Sources */ = {isa = PBXBuildFile; fileRef = BAF6BF3B1D095FBF003D1B09 /* main.m */; };
		BAF6BF3F1D095FBF003D1B09 /* AppDelegate.m in Sources */ = {isa = PBXBuildFile; fileRef = BAF6BF3E1D095FBF003D1B09 /* AppDelegate.m */; };
		BAF6BF411D095FBF003D1B09 /* art.scnassets in Resources */ = {isa = PBXBuildFile; fileRef = BAF6BF401D095FBF003D1B09 /* art.scnassets */; };
		BAF6BF441D095FBF003D1B09 /* GameViewController.m in Sources */ = {isa = PBXBuildFile; fileRef = BAF6BF431D095FBF003D1B09 /* GameViewController.m */; };
		BAF6BF471D095FBF003D1B09 /* Main.storyboard in Resources */ = {isa = PBXBuildFile; fileRef = BAF6BF451D095FBF003D1B09 /* Main.storyboard */; };
		BAF6BF491D095FBF003D1B09 /* Assets.xcassets in Resources */ = {isa = PBXBuildFile; fileRef = BAF6BF481D095FBF003D1B09 /* Assets.xcassets */; };
		BAF6BF4C1D095FBF003D1B09 /* LaunchScreen.storyboard in Resources */ = {isa = PBXBuildFile; fileRef = BAF6BF4A1D095FBF003D1B09 /* LaunchScreen.storyboard */; };
/* End PBXBuildFile section */

/* Begin PBXFileReference section */
		BAF6BF371D095FBF003D1B09 /* test1234.app */ = {isa = PBXFileReference; explicitFileType = wrapper.application; includeInIndex = 0; path = test1234.app; sourceTree = BUILT_PRODUCTS_DIR; };
		BAF6BF3B1D095FBF003D1B09 /* main.m */ = {isa = PBXFileReference; lastKnownFileType = sourcecode.c.objc; path = main.m; sourceTree = "<group>"; };
		BAF6BF3D1D095FBF003D1B09 /* AppDelegate.h */ = {isa = PBXFileReference; lastKnownFileType = sourcecode.c.h; path = AppDelegate.h; sourceTree = "<group>"; };
		BAF6BF3E1D095FBF003D1B09 /* AppDelegate.m */ = {isa = PBXFileReference; lastKnownFileType = sourcecode.c.objc; path = AppDelegate.m; sourceTree = "<group>"; };
		BAF6BF401D095FBF003D1B09 /* art.scnassets */ = {isa = PBXFileReference; lastKnownFileType = wrapper.scnassets; path = art.scnassets; sourceTree = "<group>"; };
		BAF6BF421D095FBF003D1B09 /* GameViewController.h */ = {isa = PBXFileReference; lastKnownFileType = sourcecode.c.h; path = GameViewController.h; sourceTree = "<group>"; };
		BAF6BF431D095FBF003D1B09 /* GameViewController.m */ = {isa = PBXFileReference; lastKnownFileType = sourcecode.c.objc; path = GameViewController.m; sourceTree = "<group>"; };
		BAF6BF461D095FBF003D1B09 /* Base */ = {isa = PBXFileReference; lastKnownFileType = file.storyboard; name = Base; path = Base.lproj/Main.storyboard; sourceTree = "<group>"; };
		BAF6BF481D095FBF003D1B09 /* Assets.xcassets */ = {isa = PBXFileReference; lastKnownFileType = folder.assetcatalog; path = Assets.xcassets; sourceTree = "<group>"; };
		BAF6BF4B1D095FBF003D1B09 /* Base */ = {isa = PBXFileReference; lastKnownFileType = file.storyboard; name = Base; path = Base.lproj/LaunchScreen.storyboard; sourceTree = "<group>"; };
		BAF6BF4D1D095FBF003D1B09 /* Info.plist */ = {isa = PBXFileReference; lastKnownFileType = text.plist.xml; path = Info.plist; sourceTree = "<group>"; };
/* End PBXFileReference section */

/* Begin PBXFrameworksBuildPhase section */
		BAF6BF341D095FBF003D1B09 /* Frameworks */ = {
			isa = PBXFrameworksBuildPhase;
			buildActionMask = 2147483647;
			files = (
			);
			runOnlyForDeploymentPostprocessing = 0;
		};
/* End PBXFrameworksBuildPhase section */

/* Begin PBXGroup section */
		BAF6BF2E1D095FBF003D1B09 = {
			isa = PBXGroup;
			children = (
				BAF6BF391D095FBF003D1B09 /* test1234 */,
				BAF6BF381D095FBF003D1B09 /* Products */,
			);
			sourceTree = "<group>";
		};
		BAF6BF381D095FBF003D1B09 /* Products */ = {
			isa = PBXGroup;
			children = (
				BAF6BF371D095FBF003D1B09 /* test1234.app */,
			);
			name = Products;
			sourceTree = "<group>";
		};
		BAF6BF391D095FBF003D1B09 /* test1234 */ = {
			isa = PBXGroup;
			children = (
				BAF6BF3D1D095FBF003D1B09 /* AppDelegate.h */,
				BAF6BF3E1D095FBF003D1B09 /* AppDelegate.m */,
				BAF6BF401D095FBF003D1B09 /* art.scnassets */,
				BAF6BF421D095FBF003D1B09 /* GameViewController.h */,
				BAF6BF431D095FBF003D1B09 /* GameViewController.m */,
				BAF6BF451D095FBF003D1B09 /* Main.storyboard */,
				BAF6BF481D095FBF003D1B09 /* Assets.xcassets */,
				BAF6BF4A1D095FBF003D1B09 /* LaunchScreen.storyboard */,
				BAF6BF4D1D095FBF003D1B09 /* Info.plist */,
				BAF6BF3A1D095FBF003D1B09 /* Supporting Files */,
			);
			path = test1234;
			sourceTree = "<group>";
		};
		BAF6BF3A1D095FBF003D1B09 /* Supporting Files */ = {
			isa = PBXGroup;
			children = (
				BAF6BF3B1D095FBF003D1B09 /* main.m */,
			);
			name = "Supporting Files";
			sourceTree = "<group>";
		};
/* End PBXGroup section */

/* Begin PBXNativeTarget section */
		BAF6BF361D095FBF003D1B09 /* test1234 */ = {
			isa = PBXNativeTarget;
			buildConfigurationList = BAF6BF501D095FBF003D1B09 /* Build configuration list for PBXNativeTarget "test1234" */;
			buildPhases = (
				BAF6BF331D095FBF003D1B09 /* Sources */,
				BAF6BF341D095FBF003D1B09 /* Frameworks */,
				BAF6BF351D095FBF003D1B09 /* Resources */,
			);
			buildRules = (
			);
			dependencies = (
			);
			name = test1234;
			productName = test1234;
			productReference = BAF6BF371D095FBF003D1B09 /* test1234.app */;
			productType = "com.apple.product-type.application";
		};
/* End PBXNativeTarget section */

/* Begin PBXProject section */
		BAF6BF2F1D095FBF003D1B09 /* Project object */ = {
			isa = PBXProject;
			attributes = {
				LastUpgradeCheck = 0730;
				ORGANIZATIONNAME = tianpengfei;
				TargetAttributes = {
					BAF6BF361D095FBF003D1B09 = {
						CreatedOnToolsVersion = 7.3.1;
					};
				};
			};
			buildConfigurationList = BAF6BF321D095FBF003D1B09 /* Build configuration list for PBXProject "test1234" */;
			compatibilityVersion = "Xcode 3.2";
			developmentRegion = English;
			hasScannedForEncodings = 0;
			knownRegions = (
				en,
				Base,
			);
			mainGroup = BAF6BF2E1D095FBF003D1B09;
			productRefGroup = BAF6BF381D095FBF003D1B09 /* Products */;
			projectDirPath = "";
			projectRoot = "";
			targets = (
				BAF6BF361D095FBF003D1B09 /* test1234 */,
			);
		};
/* End PBXProject section */

/* Begin PBXResourcesBuildPhase section */
		BAF6BF351D095FBF003D1B09 /* Resources */ = {
			isa = PBXResourcesBuildPhase;
			buildActionMask = 2147483647;
			files = (
				BAF6BF411D095FBF003D1B09 /* art.scnassets in Resources */,
				BAF6BF4C1D095FBF003D1B09 /* LaunchScreen.storyboard in Resources */,
				BAF6BF491D095FBF003D1B09 /* Assets.xcassets in Resources */,
				BAF6BF471D095FBF003D1B09 /* Main.storyboard in Resources */,
			);
			runOnlyForDeploymentPostprocessing = 0;
		};
/* End PBXResourcesBuildPhase section */

/* Begin PBXSourcesBuildPhase section */
		BAF6BF331D095FBF003D1B09 /* Sources */ = {
			isa = PBXSourcesBuildPhase;
			buildActionMask = 2147483647;
			files = (
				BAF6BF3F1D095FBF003D1B09 /* AppDelegate.m in Sources */,
				BAF6BF441D095FBF003D1B09 /* GameViewController.m in Sources */,
				BAF6BF3C1D095FBF003D1B09 /* main.m in Sources */,
			);
			runOnlyForDeploymentPostprocessing = 0;
		};
/* End PBXSourcesBuildPhase section */

/* Begin PBXVariantGroup section */
		BAF6BF451D095FBF003D1B09 /* Main.storyboard */ = {
			isa = PBXVariantGroup;
			children = (
				BAF6BF461D095FBF003D1B09 /* Base */,
			);
			name = Main.storyboard;
			sourceTree = "<group>";
		};
		BAF6BF4A1D095FBF003D1B09 /* LaunchScreen.storyboard */ = {
			isa = PBXVariantGroup;
			children = (
				BAF6BF4B1D095FBF003D1B09 /* Base */,
			);
			name = LaunchScreen.storyboard;
			sourceTree = "<group>";
		};
/* End PBXVariantGroup section */

/* Begin XCBuildConfiguration section */
		BAF6BF4E1D095FBF003D1B09 /* Debug */ = {
			isa = XCBuildConfiguration;
			buildSettings = {
				ALWAYS_SEARCH_USER_PATHS = NO;
				CLANG_ANALYZER_NONNULL = YES;
				CLANG_CXX_LANGUAGE_STANDARD = "gnu++0x";
				CLANG_CXX_LIBRARY = "libc++";
				CLANG_ENABLE_MODULES = YES;
				CLANG_ENABLE_OBJC_ARC = YES;
				CLANG_WARN_BOOL_CONVERSION = YES;
				CLANG_WARN_CONSTANT_CONVERSION = YES;
				CLANG_WARN_DIRECT_OBJC_ISA_USAGE = YES_ERROR;
				CLANG_WARN_EMPTY_BODY = YES;
				CLANG_WARN_ENUM_CONVERSION = YES;
				CLANG_WARN_INT_CONVERSION = YES;
				CLANG_WARN_OBJC_ROOT_CLASS = YES_ERROR;
				CLANG_WARN_UNREACHABLE_CODE = YES;
				CLANG_WARN__DUPLICATE_METHOD_MATCH = YES;
				"CODE_SIGN_IDENTITY[sdk=iphoneos*]" = "iPhone Developer";
				COPY_PHASE_STRIP = NO;
				DEBUG_INFORMATION_FORMAT = "dwarf-with-dsym";
				ENABLE_STRICT_OBJC_MSGSEND = YES;
				ENABLE_TESTABILITY = YES;
				GCC_C_LANGUAGE_STANDARD = gnu99;
				GCC_DYNAMIC_NO_PIC = NO;
				GCC_NO_COMMON_BLOCKS = YES;
				GCC_OPTIMIZATION_LEVEL = 0;
				GCC_PREPROCESSOR_DEFINITIONS = (
					"DEBUG=1",
					"$(inherited)",
				);
				GCC_WARN_64_TO_32_BIT_CONVERSION = YES;
				GCC_WARN_ABOUT_RETURN_TYPE = YES_ERROR;
				GCC_WARN_UNDECLARED_SELECTOR = YES;
				GCC_WARN_UNINITIALIZED_AUTOS = YES_AGGRESSIVE;
				GCC_WARN_UNUSED_FUNCTION = YES;
				GCC_WARN_UNUSED_VARIABLE = YES;
				IPHONEOS_DEPLOYMENT_TARGET = 9.3;
				MTL_ENABLE_DEBUG_INFO = YES;
				ONLY_ACTIVE_ARCH = YES;
				SDKROOT = iphoneos;
				TARGETED_DEVICE_FAMILY = "1,2";
			};
			name = Debug;
		};
		BAF6BF4F1D095FBF003D1B09 /* Release */ = {
			isa = XCBuildConfiguration;
			buildSettings = {
				ALWAYS_SEARCH_USER_PATHS = NO;
				CLANG_ANALYZER_NONNULL = YES;
				CLANG_CXX_LANGUAGE_STANDARD = "gnu++0x";
				CLANG_CXX_LIBRARY = "libc++";
				CLANG_ENABLE_MODULES = YES;
				CLANG_ENABLE_OBJC_ARC = YES;
				CLANG_WARN_BOOL_CONVERSION = YES;
				CLANG_WARN_CONSTANT_CONVERSION = YES;
				CLANG_WARN_DIRECT_OBJC_ISA_USAGE = YES_ERROR;
				CLANG_WARN_EMPTY_BODY = YES;
				CLANG_WARN_ENUM_CONVERSION = YES;
				CLANG_WARN_INT_CONVERSION = YES;
				CLANG_WARN_OBJC_ROOT_CLASS = YES_ERROR;
				CLANG_WARN_UNREACHABLE_CODE = YES;
				CLANG_WARN__DUPLICATE_METHOD_MATCH = YES;
				"CODE_SIGN_IDENTITY[sdk=iphoneos*]" = "iPhone Developer";
				COPY_PHASE_STRIP = NO;
				DEBUG_INFORMATION_FORMAT = "dwarf-with-dsym";
				ENABLE_NS_ASSERTIONS = NO;
				ENABLE_STRICT_OBJC_MSGSEND = YES;
				GCC_C_LANGUAGE_STANDARD = gnu99;
				GCC_NO_COMMON_BLOCKS = YES;
				GCC_WARN_64_TO_32_BIT_CONVERSION = YES;
				GCC_WARN_ABOUT_RETURN_TYPE = YES_ERROR;
				GCC_WARN_UNDECLARED_SELECTOR = YES;
				GCC_WARN_UNINITIALIZED_AUTOS = YES_AGGRESSIVE;
				GCC_WARN_UNUSED_FUNCTION = YES;
				GCC_WARN_UNUSED_VARIABLE = YES;
				IPHONEOS_DEPLOYMENT_TARGET = 9.3;
				MTL_ENABLE_DEBUG_INFO = NO;
				SDKROOT = iphoneos;
				TARGETED_DEVICE_FAMILY = "1,2";
				VALIDATE_PRODUCT = YES;
			};
			name = Release;
		};
		BAF6BF511D095FBF003D1B09 /* Debug */ = {
			isa = XCBuildConfiguration;
			buildSettings = {
				ASSETCATALOG_COMPILER_APPICON_NAME = AppIcon;
				INFOPLIST_FILE = test1234/Info.plist;
				LD_RUNPATH_SEARCH_PATHS = "$(inherited) @executable_path/Frameworks";
				PRODUCT_BUNDLE_IDENTIFIER = com.ougohome.test1234;
				PRODUCT_NAME = "$(TARGET_NAME)";
			};
			name = Debug;
		};
		BAF6BF521D095FBF003D1B09 /* Release */ = {
			isa = XCBuildConfiguration;
			buildSettings = {
				ASSETCATALOG_COMPILER_APPICON_NAME = AppIcon;
				INFOPLIST_FILE = test1234/Info.plist;
				LD_RUNPATH_SEARCH_PATHS = "$(inherited) @executable_path/Frameworks";
				PRODUCT_BUNDLE_IDENTIFIER = com.ougohome.test1234;
				PRODUCT_NAME = "$(TARGET_NAME)";
			};
			name = Release;
		};
/* End XCBuildConfiguration section */

/* Begin XCConfigurationList section */
		BAF6BF321D095FBF003D1B09 /* Build configuration list for PBXProject "test1234" */ = {
			isa = XCConfigurationList;
			buildConfigurations = (
				BAF6BF4E1D095FBF003D1B09 /* Debug */,
				BAF6BF4F1D095FBF003D1B09 /* Release */,
			);
			defaultConfigurationIsVisible = 0;
			defaultConfigurationName = Release;
		};
		BAF6BF501D095FBF003D1B09 /* Build configuration list for PBXNativeTarget "test1234" */ = {
			isa = XCConfigurationList;
			buildConfigurations = (
				BAF6BF511D095FBF003D1B09 /* Debug */,
				BAF6BF521D095FBF003D1B09 /* Release */,
			);
			defaultConfigurationIsVisible = 0;
		};
/* End XCConfigurationList section */
	};
	rootObject = BAF6BF2F1D095FBF003D1B09 /* Project object */;
}
